
Microsoft Visual Studio Solution File, Format Version 12.00
# Visual Studio 14
VisualStudioVersion = 14.0.24720.0
MinimumVisualStudioVersion = 10.0.40219.1
Project("{FAE04EC0-301F-11D3-BF4B-00C04F79EFBC}") = "TimeCapture", "TimeCapture\TimeCapture.csproj", "{C5537E7E-84CF-489E-90A5-2490A3A49432}"
EndProject
Project("{FAE04EC0-301F-11D3-BF4B-00C04F79EFBC}") = "TimeCapture.Service", "TimeCapture.Service\TimeCapture.Service.csproj", "{A80818FE-0B79-4F32-BDC2-62726BBAAD1B}"
EndProject
Project("{FAE04EC0-301F-11D3-BF4B-00C04F79EFBC}") = "TimeCapture.Models", "TimeCapture.Models\TimeCapture.Models.csproj", "{3145A137-4849-4565-BDA7-593F85702518}"
EndProject
Project("{FAE04EC0-301F-11D3-BF4B-00C04F79EFBC}") = "AuthenticationExample", "AuthenticationExample\AuthenticationExample.csproj", "{D21E7D5E-8FB7-425D-AB61-71E7290658BA}"
EndProject
Project("{FAE04EC0-301F-11D3-BF4B-00C04F79EFBC}") = "TimeCapture.Core", "TimeCapture.Core\TimeCapture.Core.csproj", "{FE6D75D8-134A-43D4-81ED-17A2EDFAE5E6}"
EndProject
Global
	GlobalSection(SolutionConfigurationPlatforms) = preSolution
		Debug|Any CPU = Debug|Any CPU
		Release|Any CPU = Release|Any CPU
	EndGlobalSection
	GlobalSection(ProjectConfigurationPlatforms) = postSolution
		{C5537E7E-84CF-489E-90A5-2490A3A49432}.Debug|Any CPU.ActiveCfg = Debug|Any CPU
		{C5537E7E-84CF-489E-90A5-2490A3A49432}.Debug|Any CPU.Build.0 = Debug|Any CPU
		{C5537E7E-84CF-489E-90A5-2490A3A49432}.Release|Any CPU.ActiveCfg = Release|Any CPU
		{C5537E7E-84CF-489E-90A5-2490A3A49432}.Release|Any CPU.Build.0 = Release|Any CPU
		{A80818FE-0B79-4F32-BDC2-62726BBAAD1B}.Debug|Any CPU.ActiveCfg = Debug|Any CPU
		{A80818FE-0B79-4F32-BDC2-62726BBAAD1B}.Debug|Any CPU.Build.0 = Debug|Any CPU
		{A80818FE-0B79-4F32-BDC2-62726BBAAD1B}.Release|Any CPU.ActiveCfg = Release|Any CPU
		{A80818FE-0B79-4F32-BDC2-62726BBAAD1B}.Release|Any CPU.Build.0 = Release|Any CPU
		{3145A137-4849-4565-BDA7-593F85702518}.Debug|Any CPU.ActiveCfg = Debug|Any CPU
		{3145A137-4849-4565-BDA7-593F85702518}.Debug|Any CPU.Build.0 = Debug|Any CPU
		{3145A137-4849-4565-BDA7-593F85702518}.Release|Any CPU.ActiveCfg = Release|Any CPU
		{3145A137-4849-4565-BDA7-593F85702518}.Release|Any CPU.Build.0 = Release|Any CPU
		{D21E7D5E-8FB7-425D-AB61-71E7290658BA}.Debug|Any CPU.ActiveCfg = Debug|Any CPU
		{D21E7D5E-8FB7-425D-AB61-71E7290658BA}.Debug|Any CPU.Build.0 = Debug|Any CPU
		{D21E7D5E-8FB7-425D-AB61-71E7290658BA}.Release|Any CPU.ActiveCfg = Release|Any CPU
		{D21E7D5E-8FB7-425D-AB61-71E7290658BA}.Release|Any CPU.Build.0 = Release|Any CPU
		{FE6D75D8-134A-43D4-81ED-17A2EDFAE5E6}.Debug|Any CPU.ActiveCfg = Debug|Any CPU
		{FE6D75D8-134A-43D4-81ED-17A2EDFAE5E6}.Debug|Any CPU.Build.0 = Debug|Any CPU
		{FE6D75D8-134A-43D4-81ED-17A2EDFAE5E6}.Release|Any CPU.ActiveCfg = Release|Any CPU
		{FE6D75D8-134A-43D4-81ED-17A2EDFAE5E6}.Release|Any CPU.Build.0 = Release|Any CPU
	EndGlobalSection
	GlobalSection(SolutionProperties) = preSolution
		HideSolutionNode = FALSE
	EndGlobalSection
EndGlobal
